// !$*UTF8*$!
{
	archiveVersion = 1;
	classes = {
	};
	objectVersion = 50;
	objects = {

/* Begin PBXBuildFile section */
		FD54850E2091042F007D16F5 /* TopBottomViewControllerContaining.swift in Sources */ = {isa = PBXBuildFile; fileRef = FD54850D2091042F007D16F5 /* TopBottomViewControllerContaining.swift */; };
		FD54851020910D9B007D16F5 /* CharacterViewController.swift in Sources */ = {isa = PBXBuildFile; fileRef = FD54850F20910D9B007D16F5 /* CharacterViewController.swift */; };
		FD574EEF208D128600FED3FF /* AlphabetQuizViewController.swift in Sources */ = {isa = PBXBuildFile; fileRef = FD574EEE208D128600FED3FF /* AlphabetQuizViewController.swift */; };
		FD574EF1208D133100FED3FF /* AlphabetViewController.swift in Sources */ = {isa = PBXBuildFile; fileRef = FD574EF0208D133100FED3FF /* AlphabetViewController.swift */; };
		FD8A8F8A208219DD00E9E484 /* AppDelegate.swift in Sources */ = {isa = PBXBuildFile; fileRef = FD8A8F89208219DD00E9E484 /* AppDelegate.swift */; };
		FD8A8F8C208219DD00E9E484 /* ViewController.swift in Sources */ = {isa = PBXBuildFile; fileRef = FD8A8F8B208219DD00E9E484 /* ViewController.swift */; };
		FD8A8F8F208219DD00E9E484 /* Main.storyboard in Resources */ = {isa = PBXBuildFile; fileRef = FD8A8F8D208219DD00E9E484 /* Main.storyboard */; };
		FD8A8F91208219DE00E9E484 /* Assets.xcassets in Resources */ = {isa = PBXBuildFile; fileRef = FD8A8F90208219DE00E9E484 /* Assets.xcassets */; };
		FD8A8F94208219DE00E9E484 /* LaunchScreen.storyboard in Resources */ = {isa = PBXBuildFile; fileRef = FD8A8F92208219DE00E9E484 /* LaunchScreen.storyboard */; };
		FD8A8F9F208219DE00E9E484 /* AlphabetUITests.swift in Sources */ = {isa = PBXBuildFile; fileRef = FD8A8F9E208219DE00E9E484 /* AlphabetUITests.swift */; };
		FD8A8FAC20821A9600E9E484 /* CharacterView.swift in Sources */ = {isa = PBXBuildFile; fileRef = FD8A8FAB20821A9600E9E484 /* CharacterView.swift */; };
		FD8A8FB0208225DE00E9E484 /* CharacterSelectionView.swift in Sources */ = {isa = PBXBuildFile; fileRef = FD8A8FAF208225DE00E9E484 /* CharacterSelectionView.swift */; };
		FD8A8FB32082263200E9E484 /* UIViewExtensions.swift in Sources */ = {isa = PBXBuildFile; fileRef = FD8A8FB22082263200E9E484 /* UIViewExtensions.swift */; };
		FD8A8FB52082673700E9E484 /* CharacterViewModel.swift in Sources */ = {isa = PBXBuildFile; fileRef = FD8A8FB42082673700E9E484 /* CharacterViewModel.swift */; };
		FD8A8FB820826A6B00E9E484 /* AlphabetViewModel.swift in Sources */ = {isa = PBXBuildFile; fileRef = FD8A8FB720826A6B00E9E484 /* AlphabetViewModel.swift */; };
		FD8A8FBA20826CEA00E9E484 /* CharacterSelectionViewController.swift in Sources */ = {isa = PBXBuildFile; fileRef = FD8A8FB920826CEA00E9E484 /* CharacterSelectionViewController.swift */; };
		FD9ACAF0208FACD000D8FF9D /* UITraitCollectionExtensions.swift in Sources */ = {isa = PBXBuildFile; fileRef = FD9ACAEF208FACD000D8FF9D /* UITraitCollectionExtensions.swift */; };
/* End PBXBuildFile section */

/* Begin PBXContainerItemProxy section */
		FD8A8F9B208219DE00E9E484 /* PBXContainerItemProxy */ = {
			isa = PBXContainerItemProxy;
			containerPortal = FD8A8F7E208219DD00E9E484 /* Project object */;
			proxyType = 1;
			remoteGlobalIDString = FD8A8F85208219DD00E9E484;
			remoteInfo = Alphabet;
		};
/* End PBXContainerItemProxy section */

/* Begin PBXFileReference section */
		FD54850D2091042F007D16F5 /* TopBottomViewControllerContaining.swift */ = {isa = PBXFileReference; lastKnownFileType = sourcecode.swift; path = TopBottomViewControllerContaining.swift; sourceTree = "<group>"; };
		FD54850F20910D9B007D16F5 /* CharacterViewController.swift */ = {isa = PBXFileReference; lastKnownFileType = sourcecode.swift; path = CharacterViewController.swift; sourceTree = "<group>"; };
		FD574EEE208D128600FED3FF /* AlphabetQuizViewController.swift */ = {isa = PBXFileReference; lastKnownFileType = sourcecode.swift; path = AlphabetQuizViewController.swift; sourceTree = "<group>"; };
		FD574EF0208D133100FED3FF /* AlphabetViewController.swift */ = {isa = PBXFileReference; lastKnownFileType = sourcecode.swift; path = AlphabetViewController.swift; sourceTree = "<group>"; };
		FD8A8F86208219DD00E9E484 /* Alphabet.app */ = {isa = PBXFileReference; explicitFileType = wrapper.application; includeInIndex = 0; path = Alphabet.app; sourceTree = BUILT_PRODUCTS_DIR; };
		FD8A8F89208219DD00E9E484 /* AppDelegate.swift */ = {isa = PBXFileReference; lastKnownFileType = sourcecode.swift; path = AppDelegate.swift; sourceTree = "<group>"; };
		FD8A8F8B208219DD00E9E484 /* ViewController.swift */ = {isa = PBXFileReference; lastKnownFileType = sourcecode.swift; path = ViewController.swift; sourceTree = "<group>"; };
		FD8A8F8E208219DD00E9E484 /* Base */ = {isa = PBXFileReference; lastKnownFileType = file.storyboard; name = Base; path = Base.lproj/Main.storyboard; sourceTree = "<group>"; };
		FD8A8F90208219DE00E9E484 /* Assets.xcassets */ = {isa = PBXFileReference; lastKnownFileType = folder.assetcatalog; path = Assets.xcassets; sourceTree = "<group>"; };
		FD8A8F93208219DE00E9E484 /* Base */ = {isa = PBXFileReference; lastKnownFileType = file.storyboard; name = Base; path = Base.lproj/LaunchScreen.storyboard; sourceTree = "<group>"; };
		FD8A8F95208219DE00E9E484 /* Info.plist */ = {isa = PBXFileReference; lastKnownFileType = text.plist.xml; path = Info.plist; sourceTree = "<group>"; };
		FD8A8F9A208219DE00E9E484 /* AlphabetUITests.xctest */ = {isa = PBXFileReference; explicitFileType = wrapper.cfbundle; includeInIndex = 0; path = AlphabetUITests.xctest; sourceTree = BUILT_PRODUCTS_DIR; };
		FD8A8F9E208219DE00E9E484 /* AlphabetUITests.swift */ = {isa = PBXFileReference; lastKnownFileType = sourcecode.swift; path = AlphabetUITests.swift; sourceTree = "<group>"; };
		FD8A8FA0208219DE00E9E484 /* Info.plist */ = {isa = PBXFileReference; lastKnownFileType = text.plist.xml; path = Info.plist; sourceTree = "<group>"; };
		FD8A8FAB20821A9600E9E484 /* CharacterView.swift */ = {isa = PBXFileReference; lastKnownFileType = sourcecode.swift; path = CharacterView.swift; sourceTree = "<group>"; };
		FD8A8FAF208225DE00E9E484 /* CharacterSelectionView.swift */ = {isa = PBXFileReference; lastKnownFileType = sourcecode.swift; path = CharacterSelectionView.swift; sourceTree = "<group>"; };
		FD8A8FB22082263200E9E484 /* UIViewExtensions.swift */ = {isa = PBXFileReference; lastKnownFileType = sourcecode.swift; path = UIViewExtensions.swift; sourceTree = "<group>"; };
		FD8A8FB42082673700E9E484 /* CharacterViewModel.swift */ = {isa = PBXFileReference; lastKnownFileType = sourcecode.swift; path = CharacterViewModel.swift; sourceTree = "<group>"; };
		FD8A8FB720826A6B00E9E484 /* AlphabetViewModel.swift */ = {isa = PBXFileReference; lastKnownFileType = sourcecode.swift; path = AlphabetViewModel.swift; sourceTree = "<group>"; };
		FD8A8FB920826CEA00E9E484 /* CharacterSelectionViewController.swift */ = {isa = PBXFileReference; lastKnownFileType = sourcecode.swift; path = CharacterSelectionViewController.swift; sourceTree = "<group>"; };
		FD9ACAEF208FACD000D8FF9D /* UITraitCollectionExtensions.swift */ = {isa = PBXFileReference; lastKnownFileType = sourcecode.swift; path = UITraitCollectionExtensions.swift; sourceTree = "<group>"; };
/* End PBXFileReference section */

/* Begin PBXFrameworksBuildPhase section */
		FD8A8F83208219DD00E9E484 /* Frameworks */ = {
			isa = PBXFrameworksBuildPhase;
			buildActionMask = 2147483647;
			files = (
			);
			runOnlyForDeploymentPostprocessing = 0;
		};
		FD8A8F97208219DE00E9E484 /* Frameworks */ = {
			isa = PBXFrameworksBuildPhase;
			buildActionMask = 2147483647;
			files = (
			);
			runOnlyForDeploymentPostprocessing = 0;
		};
/* End PBXFrameworksBuildPhase section */

/* Begin PBXGroup section */
		FD8A8F7D208219DD00E9E484 = {
			isa = PBXGroup;
			children = (
				FD8A8F88208219DD00E9E484 /* Alphabet */,
				FD8A8F9D208219DE00E9E484 /* AlphabetUITests */,
				FD8A8F87208219DD00E9E484 /* Products */,
			);
			sourceTree = "<group>";
		};
		FD8A8F87208219DD00E9E484 /* Products */ = {
			isa = PBXGroup;
			children = (
				FD8A8F86208219DD00E9E484 /* Alphabet.app */,
				FD8A8F9A208219DE00E9E484 /* AlphabetUITests.xctest */,
			);
			name = Products;
			sourceTree = "<group>";
		};
		FD8A8F88208219DD00E9E484 /* Alphabet */ = {
			isa = PBXGroup;
			children = (
				FD8A8F89208219DD00E9E484 /* AppDelegate.swift */,
				FD8A8F8B208219DD00E9E484 /* ViewController.swift */,
				FD574EEE208D128600FED3FF /* AlphabetQuizViewController.swift */,
				FD574EF0208D133100FED3FF /* AlphabetViewController.swift */,
				FD8A8FB620826A5D00E9E484 /* View Models */,
				FD8A8FB12082261C00E9E484 /* Extensions + Protocols */,
				FD8A8FAE2082259800E9E484 /* Character Selection */,
				FD8A8FAD2082238F00E9E484 /* Character */,
				FD8A8F8D208219DD00E9E484 /* Main.storyboard */,
				FD8A8F90208219DE00E9E484 /* Assets.xcassets */,
				FD8A8F92208219DE00E9E484 /* LaunchScreen.storyboard */,
				FD8A8F95208219DE00E9E484 /* Info.plist */,
			);
			path = Alphabet;
			sourceTree = "<group>";
		};
		FD8A8F9D208219DE00E9E484 /* AlphabetUITests */ = {
			isa = PBXGroup;
			children = (
				FD8A8F9E208219DE00E9E484 /* AlphabetUITests.swift */,
				FD8A8FA0208219DE00E9E484 /* Info.plist */,
			);
			path = AlphabetUITests;
			sourceTree = "<group>";
		};
		FD8A8FAD2082238F00E9E484 /* Character */ = {
			isa = PBXGroup;
			children = (
				FD8A8FAB20821A9600E9E484 /* CharacterView.swift */,
				FD54850F20910D9B007D16F5 /* CharacterViewController.swift */,
			);
			path = Character;
			sourceTree = "<group>";
		};
		FD8A8FAE2082259800E9E484 /* Character Selection */ = {
			isa = PBXGroup;
			children = (
				FD8A8FAF208225DE00E9E484 /* CharacterSelectionView.swift */,
				FD8A8FB920826CEA00E9E484 /* CharacterSelectionViewController.swift */,
			);
			path = "Character Selection";
			sourceTree = "<group>";
		};
		FD8A8FB12082261C00E9E484 /* Extensions + Protocols */ = {
			isa = PBXGroup;
			children = (
				FD8A8FB22082263200E9E484 /* UIViewExtensions.swift */,
				FD9ACAEF208FACD000D8FF9D /* UITraitCollectionExtensions.swift */,
				FD54850D2091042F007D16F5 /* TopBottomViewControllerContaining.swift */,
			);
			path = "Extensions + Protocols";
			sourceTree = "<group>";
		};
		FD8A8FB620826A5D00E9E484 /* View Models */ = {
			isa = PBXGroup;
			children = (
				FD8A8FB42082673700E9E484 /* CharacterViewModel.swift */,
				FD8A8FB720826A6B00E9E484 /* AlphabetViewModel.swift */,
			);
			path = "View Models";
			sourceTree = "<group>";
		};
/* End PBXGroup section */

/* Begin PBXNativeTarget section */
		FD8A8F85208219DD00E9E484 /* Alphabet */ = {
			isa = PBXNativeTarget;
			buildConfigurationList = FD8A8FA3208219DE00E9E484 /* Build configuration list for PBXNativeTarget "Alphabet" */;
			buildPhases = (
				FD8A8F82208219DD00E9E484 /* Sources */,
				FD8A8F83208219DD00E9E484 /* Frameworks */,
				FD8A8F84208219DD00E9E484 /* Resources */,
			);
			buildRules = (
			);
			dependencies = (
			);
			name = Alphabet;
			productName = Alphabet;
			productReference = FD8A8F86208219DD00E9E484 /* Alphabet.app */;
			productType = "com.apple.product-type.application";
		};
		FD8A8F99208219DE00E9E484 /* AlphabetUITests */ = {
			isa = PBXNativeTarget;
			buildConfigurationList = FD8A8FA6208219DE00E9E484 /* Build configuration list for PBXNativeTarget "AlphabetUITests" */;
			buildPhases = (
				FD8A8F96208219DE00E9E484 /* Sources */,
				FD8A8F97208219DE00E9E484 /* Frameworks */,
				FD8A8F98208219DE00E9E484 /* Resources */,
			);
			buildRules = (
			);
			dependencies = (
				FD8A8F9C208219DE00E9E484 /* PBXTargetDependency */,
			);
			name = AlphabetUITests;
			productName = AlphabetUITests;
			productReference = FD8A8F9A208219DE00E9E484 /* AlphabetUITests.xctest */;
			productType = "com.apple.product-type.bundle.ui-testing";
		};
/* End PBXNativeTarget section */

/* Begin PBXProject section */
		FD8A8F7E208219DD00E9E484 /* Project object */ = {
			isa = PBXProject;
			attributes = {
				LastSwiftUpdateCheck = 0930;
				LastUpgradeCheck = 0930;
				ORGANIZATIONNAME = elbedev;
				TargetAttributes = {
					FD8A8F85208219DD00E9E484 = {
						CreatedOnToolsVersion = 9.3;
					};
					FD8A8F99208219DE00E9E484 = {
						CreatedOnToolsVersion = 9.3;
						TestTargetID = FD8A8F85208219DD00E9E484;
					};
				};
			};
			buildConfigurationList = FD8A8F81208219DD00E9E484 /* Build configuration list for PBXProject "Alphabet" */;
			compatibilityVersion = "Xcode 9.3";
			developmentRegion = en;
			hasScannedForEncodings = 0;
			knownRegions = (
				en,
				Base,
			);
			mainGroup = FD8A8F7D208219DD00E9E484;
			productRefGroup = FD8A8F87208219DD00E9E484 /* Products */;
			projectDirPath = "";
			projectRoot = "";
			targets = (
				FD8A8F85208219DD00E9E484 /* Alphabet */,
				FD8A8F99208219DE00E9E484 /* AlphabetUITests */,
			);
		};
/* End PBXProject section */

/* Begin PBXResourcesBuildPhase section */
		FD8A8F84208219DD00E9E484 /* Resources */ = {
			isa = PBXResourcesBuildPhase;
			buildActionMask = 2147483647;
			files = (
				FD8A8F94208219DE00E9E484 /* LaunchScreen.storyboard in Resources */,
				FD8A8F91208219DE00E9E484 /* Assets.xcassets in Resources */,
				FD8A8F8F208219DD00E9E484 /* Main.storyboard in Resources */,
			);
			runOnlyForDeploymentPostprocessing = 0;
		};
		FD8A8F98208219DE00E9E484 /* Resources */ = {
			isa = PBXResourcesBuildPhase;
			buildActionMask = 2147483647;
			files = (
			);
			runOnlyForDeploymentPostprocessing = 0;
		};
/* End PBXResourcesBuildPhase section */

/* Begin PBXSourcesBuildPhase section */
		FD8A8F82208219DD00E9E484 /* Sources */ = {
			isa = PBXSourcesBuildPhase;
			buildActionMask = 2147483647;
			files = (
				FD8A8F8C208219DD00E9E484 /* ViewController.swift in Sources */,
				FD8A8FB32082263200E9E484 /* UIViewExtensions.swift in Sources */,
				FD8A8FB0208225DE00E9E484 /* CharacterSelectionView.swift in Sources */,
				FD54851020910D9B007D16F5 /* CharacterViewController.swift in Sources */,
				FD9ACAF0208FACD000D8FF9D /* UITraitCollectionExtensions.swift in Sources */,
				FD574EF1208D133100FED3FF /* AlphabetViewController.swift in Sources */,
				FD54850E2091042F007D16F5 /* TopBottomViewControllerContaining.swift in Sources */,
				FD8A8FBA20826CEA00E9E484 /* CharacterSelectionViewController.swift in Sources */,
				FD8A8FAC20821A9600E9E484 /* CharacterView.swift in Sources */,
				FD8A8FB820826A6B00E9E484 /* AlphabetViewModel.swift in Sources */,
				FD574EEF208D128600FED3FF /* AlphabetQuizViewController.swift in Sources */,
				FD8A8FB52082673700E9E484 /* CharacterViewModel.swift in Sources */,
				FD8A8F8A208219DD00E9E484 /* AppDelegate.swift in Sources */,
			);
			runOnlyForDeploymentPostprocessing = 0;
		};
		FD8A8F96208219DE00E9E484 /* Sources */ = {
			isa = PBXSourcesBuildPhase;
			buildActionMask = 2147483647;
			files = (
				FD8A8F9F208219DE00E9E484 /* AlphabetUITests.swift in Sources */,
			);
			runOnlyForDeploymentPostprocessing = 0;
		};
/* End PBXSourcesBuildPhase section */

/* Begin PBXTargetDependency section */
		FD8A8F9C208219DE00E9E484 /* PBXTargetDependency */ = {
			isa = PBXTargetDependency;
			target = FD8A8F85208219DD00E9E484 /* Alphabet */;
			targetProxy = FD8A8F9B208219DE00E9E484 /* PBXContainerItemProxy */;
		};
/* End PBXTargetDependency section */

/* Begin PBXVariantGroup section */
		FD8A8F8D208219DD00E9E484 /* Main.storyboard */ = {
			isa = PBXVariantGroup;
			children = (
				FD8A8F8E208219DD00E9E484 /* Base */,
			);
			name = Main.storyboard;
			sourceTree = "<group>";
		};
		FD8A8F92208219DE00E9E484 /* LaunchScreen.storyboard */ = {
			isa = PBXVariantGroup;
			children = (
				FD8A8F93208219DE00E9E484 /* Base */,
			);
			name = LaunchScreen.storyboard;
			sourceTree = "<group>";
		};
/* End PBXVariantGroup section */

/* Begin XCBuildConfiguration section */
		FD8A8FA1208219DE00E9E484 /* Debug */ = {
			isa = XCBuildConfiguration;
			buildSettings = {
				ALWAYS_SEARCH_USER_PATHS = NO;
				CLANG_ANALYZER_NONNULL = YES;
				CLANG_ANALYZER_NUMBER_OBJECT_CONVERSION = YES_AGGRESSIVE;
				CLANG_CXX_LANGUAGE_STANDARD = "gnu++14";
				CLANG_CXX_LIBRARY = "libc++";
				CLANG_ENABLE_MODULES = YES;
				CLANG_ENABLE_OBJC_ARC = YES;
				CLANG_ENABLE_OBJC_WEAK = YES;
				CLANG_WARN_BLOCK_CAPTURE_AUTORELEASING = YES;
				CLANG_WARN_BOOL_CONVERSION = YES;
				CLANG_WARN_COMMA = YES;
				CLANG_WARN_CONSTANT_CONVERSION = YES;
				CLANG_WARN_DEPRECATED_OBJC_IMPLEMENTATIONS = YES;
				CLANG_WARN_DIRECT_OBJC_ISA_USAGE = YES_ERROR;
				CLANG_WARN_DOCUMENTATION_COMMENTS = YES;
				CLANG_WARN_EMPTY_BODY = YES;
				CLANG_WARN_ENUM_CONVERSION = YES;
				CLANG_WARN_INFINITE_RECURSION = YES;
				CLANG_WARN_INT_CONVERSION = YES;
				CLANG_WARN_NON_LITERAL_NULL_CONVERSION = YES;
				CLANG_WARN_OBJC_IMPLICIT_RETAIN_SELF = YES;
				CLANG_WARN_OBJC_LITERAL_CONVERSION = YES;
				CLANG_WARN_OBJC_ROOT_CLASS = YES_ERROR;
				CLANG_WARN_RANGE_LOOP_ANALYSIS = YES;
				CLANG_WARN_STRICT_PROTOTYPES = YES;
				CLANG_WARN_SUSPICIOUS_MOVE = YES;
				CLANG_WARN_UNGUARDED_AVAILABILITY = YES_AGGRESSIVE;
				CLANG_WARN_UNREACHABLE_CODE = YES;
				CLANG_WARN__DUPLICATE_METHOD_MATCH = YES;
				CODE_SIGN_IDENTITY = "iPhone Developer";
				COPY_PHASE_STRIP = NO;
				DEBUG_INFORMATION_FORMAT = dwarf;
				ENABLE_STRICT_OBJC_MSGSEND = YES;
				ENABLE_TESTABILITY = YES;
				GCC_C_LANGUAGE_STANDARD = gnu11;
				GCC_DYNAMIC_NO_PIC = NO;
				GCC_NO_COMMON_BLOCKS = YES;
				GCC_OPTIMIZATION_LEVEL = 0;
				GCC_PREPROCESSOR_DEFINITIONS = (
					"DEBUG=1",
					"$(inherited)",
				);
				GCC_WARN_64_TO_32_BIT_CONVERSION = YES;
				GCC_WARN_ABOUT_RETURN_TYPE = YES_ERROR;
				GCC_WARN_UNDECLARED_SELECTOR = YES;
				GCC_WARN_UNINITIALIZED_AUTOS = YES_AGGRESSIVE;
				GCC_WARN_UNUSED_FUNCTION = YES;
				GCC_WARN_UNUSED_VARIABLE = YES;
				IPHONEOS_DEPLOYMENT_TARGET = 11.3;
				MTL_ENABLE_DEBUG_INFO = YES;
				ONLY_ACTIVE_ARCH = YES;
				SDKROOT = iphoneos;
				SWIFT_ACTIVE_COMPILATION_CONDITIONS = DEBUG;
				SWIFT_OPTIMIZATION_LEVEL = "-Onone";
			};
			name = Debug;
		};
		FD8A8FA2208219DE00E9E484 /* Release */ = {
			isa = XCBuildConfiguration;
			buildSettings = {
				ALWAYS_SEARCH_USER_PATHS = NO;
				CLANG_ANALYZER_NONNULL = YES;
				CLANG_ANALYZER_NUMBER_OBJECT_CONVERSION = YES_AGGRESSIVE;
				CLANG_CXX_LANGUAGE_STANDARD = "gnu++14";
				CLANG_CXX_LIBRARY = "libc++";
				CLANG_ENABLE_MODULES = YES;
				CLANG_ENABLE_OBJC_ARC = YES;
				CLANG_ENABLE_OBJC_WEAK = YES;
				CLANG_WARN_BLOCK_CAPTURE_AUTORELEASING = YES;
				CLANG_WARN_BOOL_CONVERSION = YES;
				CLANG_WARN_COMMA = YES;
				CLANG_WARN_CONSTANT_CONVERSION = YES;
				CLANG_WARN_DEPRECATED_OBJC_IMPLEMENTATIONS = YES;
				CLANG_WARN_DIRECT_OBJC_ISA_USAGE = YES_ERROR;
				CLANG_WARN_DOCUMENTATION_COMMENTS = YES;
				CLANG_WARN_EMPTY_BODY = YES;
				CLANG_WARN_ENUM_CONVERSION = YES;
				CLANG_WARN_INFINITE_RECURSION = YES;
				CLANG_WARN_INT_CONVERSION = YES;
				CLANG_WARN_NON_LITERAL_NULL_CONVERSION = YES;
				CLANG_WARN_OBJC_IMPLICIT_RETAIN_SELF = YES;
				CLANG_WARN_OBJC_LITERAL_CONVERSION = YES;
				CLANG_WARN_OBJC_ROOT_CLASS = YES_ERROR;
				CLANG_WARN_RANGE_LOOP_ANALYSIS = YES;
				CLANG_WARN_STRICT_PROTOTYPES = YES;
				CLANG_WARN_SUSPICIOUS_MOVE = YES;
				CLANG_WARN_UNGUARDED_AVAILABILITY = YES_AGGRESSIVE;
				CLANG_WARN_UNREACHABLE_CODE = YES;
				CLANG_WARN__DUPLICATE_METHOD_MATCH = YES;
				CODE_SIGN_IDENTITY = "iPhone Developer";
				COPY_PHASE_STRIP = NO;
				DEBUG_INFORMATION_FORMAT = "dwarf-with-dsym";
				ENABLE_NS_ASSERTIONS = NO;
				ENABLE_STRICT_OBJC_MSGSEND = YES;
				GCC_C_LANGUAGE_STANDARD = gnu11;
				GCC_NO_COMMON_BLOCKS = YES;
				GCC_WARN_64_TO_32_BIT_CONVERSION = YES;
				GCC_WARN_ABOUT_RETURN_TYPE = YES_ERROR;
				GCC_WARN_UNDECLARED_SELECTOR = YES;
				GCC_WARN_UNINITIALIZED_AUTOS = YES_AGGRESSIVE;
				GCC_WARN_UNUSED_FUNCTION = YES;
				GCC_WARN_UNUSED_VARIABLE = YES;
				IPHONEOS_DEPLOYMENT_TARGET = 11.3;
				MTL_ENABLE_DEBUG_INFO = NO;
				SDKROOT = iphoneos;
				SWIFT_COMPILATION_MODE = wholemodule;
				SWIFT_OPTIMIZATION_LEVEL = "-O";
				VALIDATE_PRODUCT = YES;
			};
			name = Release;
		};
		FD8A8FA4208219DE00E9E484 /* Debug */ = {
			isa = XCBuildConfiguration;
			buildSettings = {
				ASSETCATALOG_COMPILER_APPICON_NAME = AppIcon;
				CODE_SIGN_IDENTITY = "iPhone Developer";
				CODE_SIGN_STYLE = Automatic;
				DEVELOPMENT_TEAM = X29V4JPQ55;
				INFOPLIST_FILE = Alphabet/Info.plist;
				LD_RUNPATH_SEARCH_PATHS = (
					"$(inherited)",
					"@executable_path/Frameworks",
				);
				PRODUCT_BUNDLE_IDENTIFIER = com.elbedev.alpha;
				PRODUCT_NAME = "$(TARGET_NAME)";
				PROVISIONING_PROFILE_SPECIFIER = "";
				SWIFT_VERSION = 4.0;
				TARGETED_DEVICE_FAMILY = "1,2";
			};
			name = Debug;
		};
		FD8A8FA5208219DE00E9E484 /* Release */ = {
			isa = XCBuildConfiguration;
			buildSettings = {
				ASSETCATALOG_COMPILER_APPICON_NAME = AppIcon;
				CODE_SIGN_IDENTITY = "iPhone Developer";
				CODE_SIGN_STYLE = Automatic;
				DEVELOPMENT_TEAM = X29V4JPQ55;
				INFOPLIST_FILE = Alphabet/Info.plist;
				LD_RUNPATH_SEARCH_PATHS = (
					"$(inherited)",
					"@executable_path/Frameworks",
				);
				PRODUCT_BUNDLE_IDENTIFIER = com.elbedev.alpha;
				PRODUCT_NAME = "$(TARGET_NAME)";
				PROVISIONING_PROFILE_SPECIFIER = "";
				SWIFT_VERSION = 4.0;
				TARGETED_DEVICE_FAMILY = "1,2";
			};
			name = Release;
		};
		FD8A8FA7208219DE00E9E484 /* Debug */ = {
			isa = XCBuildConfiguration;
			buildSettings = {
				ALWAYS_EMBED_SWIFT_STANDARD_LIBRARIES = YES;
				CODE_SIGN_STYLE = Automatic;
				DEVELOPMENT_TEAM = SHZEJ2G4TN;
				INFOPLIST_FILE = AlphabetUITests/Info.plist;
				LD_RUNPATH_SEARCH_PATHS = (
					"$(inherited)",
					"@executable_path/Frameworks",
					"@loader_path/Frameworks",
				);
				PRODUCT_BUNDLE_IDENTIFIER = com.elbedev.AlphabetUITests;
				PRODUCT_NAME = "$(TARGET_NAME)";
				SWIFT_VERSION = 4.0;
				TARGETED_DEVICE_FAMILY = "1,2";
				TEST_TARGET_NAME = Alphabet;
			};
			name = Debug;
		};
		FD8A8FA8208219DE00E9E484 /* Release */ = {
			isa = XCBuildConfiguration;
			buildSettings = {
				ALWAYS_EMBED_SWIFT_STANDARD_LIBRARIES = YES;
				CODE_SIGN_STYLE = Automatic;
				DEVELOPMENT_TEAM = SHZEJ2G4TN;
				INFOPLIST_FILE = AlphabetUITests/Info.plist;
				LD_RUNPATH_SEARCH_PATHS = (
					"$(inherited)",
					"@executable_path/Frameworks",
					"@loader_path/Frameworks",
				);
				PRODUCT_BUNDLE_IDENTIFIER = com.elbedev.AlphabetUITests;
				PRODUCT_NAME = "$(TARGET_NAME)";
				SWIFT_VERSION = 4.0;
				TARGETED_DEVICE_FAMILY = "1,2";
				TEST_TARGET_NAME = Alphabet;
			};
			name = Release;
		};
/* End XCBuildConfiguration section */

/* Begin XCConfigurationList section */
		FD8A8F81208219DD00E9E484 /* Build configuration list for PBXProject "Alphabet" */ = {
			isa = XCConfigurationList;
			buildConfigurations = (
				FD8A8FA1208219DE00E9E484 /* Debug */,
				FD8A8FA2208219DE00E9E484 /* Release */,
			);
			defaultConfigurationIsVisible = 0;
			defaultConfigurationName = Release;
		};
		FD8A8FA3208219DE00E9E484 /* Build configuration list for PBXNativeTarget "Alphabet" */ = {
			isa = XCConfigurationList;
			buildConfigurations = (
				FD8A8FA4208219DE00E9E484 /* Debug */,
				FD8A8FA5208219DE00E9E484 /* Release */,
			);
			defaultConfigurationIsVisible = 0;
			defaultConfigurationName = Release;
		};
		FD8A8FA6208219DE00E9E484 /* Build configuration list for PBXNativeTarget "AlphabetUITests" */ = {
			isa = XCConfigurationList;
			buildConfigurations = (
				FD8A8FA7208219DE00E9E484 /* Debug */,
				FD8A8FA8208219DE00E9E484 /* Release */,
			);
			defaultConfigurationIsVisible = 0;
			defaultConfigurationName = Release;
		};
/* End XCConfigurationList section */
	};
	rootObject = FD8A8F7E208219DD00E9E484 /* Project object */;
}
